dependencies:
  espressif/cmake_utilities:
    component_hash: 351350613ceafba240b761b4ea991e0f231ac7a9f59a9ee901f751bddc0bb18f
    dependencies:
    - name: idf
      require: private
      version: '>=4.1'
    source:
      registry_url: https://components.espressif.com
      type: service
    version: 0.5.3
  espressif/esp_lcd_st7701:
    component_hash: 924f346e36da39aaa38177e21bd360b5442abc792338fb64ad1e644481255898
    dependencies:
    - name: espressif/cmake_utilities
      registry_url: https://components.espressif.com
      require: private
      version: 0.*
    - name: idf
      require: private
      version: '>=5.4'
    source:
      registry_url: https://components.espressif.com/
      type: service
    targets:
    - esp32s3
    - esp32s31
    - esp32p4
    version: 2.0.2~2
  idf:
    source:
      type: idf
    version: 5.5.3
direct_dependencies:
- espressif/esp_lcd_st7701
manifest_hash: 9d1f945002dc67cde23d13ff9b3d9c564ee367c7026620fa599138d2de32589f
target: esp32p4
version: 2.0.0
